<?xml version="1.0" encoding="UTF-8" standalone="yes" ?>
<CodeBlocks_project_file>
	<FileVersion major="1" minor="6" />
	<Project>
		<Option title="FreeGlut" />
		<Option pch_mode="2" />
		<Option compiler="gcc" />
		<Build>
			<Target title="Debug">
				<Option output="bin/Debug/FreeGlut" prefix_auto="1" extension_auto="1" />
				<Option object_output="obj/Debug/" />
				<Option type="1" />
				<Option compiler="gcc" />
				<Compiler>
					<Add option="-g" />
				</Compiler>
			</Target>
			<Target title="Release">
				<Option output="bin/Release/FreeGlut" prefix_auto="1" extension_auto="1" />
				<Option object_output="obj/Release/" />
				<Option type="1" />
				<Option compiler="gcc" />
				<Compiler>
					<Add option="-O2" />
				</Compiler>
				<Linker>
					<Add option="-s" />
				</Linker>
			</Target>
		</Build>
		<Compiler>
			<Add option="-Wall" />
			<Add option="-std=c++11" />
			<Add option="-DGLEW_STATIC" />
			<Add directory="C:/Library/freeglut-3.0.0/include" />
			<Add directory="C:/Library/DevIL" />
			<Add directory="C:/Library/glew-2.1.0/include" />
		</Compiler>
		<Linker>
			<Add library="DevIL" />
			<Add library="ILUT" />
			<Add library="ILU" />
			<Add library="glew32s" />
			<Add library="glu32" />
			<Add library="opengl32" />
			<Add library="freeglut" />
			<Add directory="C:/Library/freeglut-3.0.0/lib" />
			<Add directory="C:/Library/DevIL/x86/Release" />
			<Add directory="C:/Library/glew-2.1.0/lib/Release/Win32" />
		</Linker>
		<Unit filename="Data/WTD/cube.wtd" />
		<Unit filename="File/Format/wad.cpp" />
		<Unit filename="File/Format/wad.h" />
		<Unit filename="File/Format/wtd.cpp" />
		<Unit filename="File/Format/wtd.h" />
		<Unit filename="File/Parser/wtd.h" />
		<Unit filename="Graphics/INCLUDES.h" />
		<Unit filename="Graphics/Shapes/cube.cpp" />
		<Unit filename="Graphics/Shapes/cube.h" />
		<Unit filename="Graphics/Shapes/rect.cpp" />
		<Unit filename="Graphics/Shapes/rect.h" />
		<Unit filename="Graphics/Texture/spritesheet.cpp" />
		<Unit filename="Graphics/Texture/spritesheet.h" />
		<Unit filename="Graphics/Texture/texture.cpp" />
		<Unit filename="Graphics/Texture/texture.h" />
		<Unit filename="Graphics/WINDOW.h" />
		<Unit filename="Graphics/vertexdata.hpp" />
		<Unit filename="Model/model.cpp" />
		<Unit filename="Model/model.h" />
		<Unit filename="Util/Math/powertwo.hpp" />
		<Unit filename="gstart.hpp" />
		<Unit filename="main.cpp" />
		<Extensions>
			<code_completion />
			<envvars />
			<debugger />
			<lib_finder disable_auto="1" />
		</Extensions>
	</Project>
</CodeBlocks_project_file>
